
Microsoft Visual Studio Solution File, Format Version 12.00
# Visual Studio Version 16
VisualStudioVersion = 16.0.34601.136
MinimumVisualStudioVersion = 10.0.40219.1
Project("{FAE04EC0-301F-11D3-BF4B-00C04F79EFBC}") = "ProWeb", "ProWeb.csproj", "{37394C80-6A6D-4EBB-BE35-3A622B9197A8}"
EndProject
Global
	GlobalSection(SolutionConfigurationPlatforms) = preSolution
		Debug|Any CPU = Debug|Any CPU
		Release|Any CPU = Release|Any CPU
	EndGlobalSection
	GlobalSection(ProjectConfigurationPlatforms) = postSolution
		{37394C80-6A6D-4EBB-BE35-3A622B9197A8}.Debug|Any CPU.ActiveCfg = Debug|Any CPU
		{37394C80-6A6D-4EBB-BE35-3A622B9197A8}.Debug|Any CPU.Build.0 = Debug|Any CPU
		{37394C80-6A6D-4EBB-BE35-3A622B9197A8}.Release|Any CPU.ActiveCfg = Release|Any CPU
		{37394C80-6A6D-4EBB-BE35-3A622B9197A8}.Release|Any CPU.Build.0 = Release|Any CPU
	EndGlobalSection
	GlobalSection(SolutionProperties) = preSolution
		HideSolutionNode = FALSE
	EndGlobalSection
	GlobalSection(ExtensibilityGlobals) = postSolution
		SolutionGuid = {EB2AE838-6A06-40E7-8722-BD91427D22ED}
	EndGlobalSection
EndGlobal
